<?xml version="1.0" encoding="utf-8"?>
<Project ToolsVersion="4.0" xmlns="http://schemas.microsoft.com/developer/msbuild/2003">
  <ItemGroup>
    <Filter Include="소스 파일">
      <UniqueIdentifier>{4FC737F1-C7A5-4376-A066-2A32D752A2FF}</UniqueIdentifier>
      <Extensions>cpp;c;cc;cxx;def;odl;idl;hpj;bat;asm;asmx</Extensions>
    </Filter>
    <Filter Include="헤더 파일">
      <UniqueIdentifier>{93995380-89BD-4b04-88EB-625FBE52EBFB}</UniqueIdentifier>
      <Extensions>h;hh;hpp;hxx;hm;inl;inc;xsd</Extensions>
    </Filter>
    <Filter Include="리소스 파일">
      <UniqueIdentifier>{67DA6AB6-F800-4c08-8B7A-83BB121AAD01}</UniqueIdentifier>
      <Extensions>rc;ico;cur;bmp;dlg;rc2;rct;bin;rgs;gif;jpg;jpeg;jpe;resx;tiff;tif;png;wav;mfcribbon-ms</Extensions>
    </Filter>
    <Filter Include="2DFrameWork">
      <UniqueIdentifier>{e28b127a-c9ac-4dcd-9d5c-abb85f8a600c}</UniqueIdentifier>
    </Filter>
    <Filter Include="2DFrameWork\singletonBase">
      <UniqueIdentifier>{5af53c29-ffc5-4e73-b077-72f198e5754b}</UniqueIdentifier>
    </Filter>
    <Filter Include="2DFrameWork\Manager">
      <UniqueIdentifier>{7588b0f5-a246-468f-8d88-d9a67564b43a}</UniqueIdentifier>
    </Filter>
    <Filter Include="2DFrameWork\gameNode">
      <UniqueIdentifier>{ab4d6d1b-762a-476d-8d2e-0419f394314f}</UniqueIdentifier>
    </Filter>
    <Filter Include="2DFrameWork\buffer">
      <UniqueIdentifier>{5cd217ca-497a-4adb-a8a4-97cbce2bdeb9}</UniqueIdentifier>
    </Filter>
    <Filter Include="2DFrameWork\utill">
      <UniqueIdentifier>{b03b1949-36ef-43b1-b07b-d29013b5aaf0}</UniqueIdentifier>
    </Filter>
    <Filter Include="2DFrameWork\Image">
      <UniqueIdentifier>{4fa14905-bd7c-4fee-8e38-ce3f9d799ef2}</UniqueIdentifier>
    </Filter>
    <Filter Include="mainGame">
      <UniqueIdentifier>{e7e760c6-5166-4da4-a55b-c735a293083b}</UniqueIdentifier>
    </Filter>
    <Filter Include="2DFrameWork\camera">
      <UniqueIdentifier>{30a73bc7-904e-42b1-b894-5f2843e5eca5}</UniqueIdentifier>
    </Filter>
    <Filter Include="class">
      <UniqueIdentifier>{cdd073d9-d399-469d-a973-6238f731c14d}</UniqueIdentifier>
    </Filter>
    <Filter Include="class\player">
      <UniqueIdentifier>{794f9891-9646-4518-91b5-1c5dc632a3b6}</UniqueIdentifier>
    </Filter>
    <Filter Include="class\block">
      <UniqueIdentifier>{f2c6df5f-a03e-4960-a4e0-760cdfd4b1e2}</UniqueIdentifier>
    </Filter>
    <Filter Include="class\mob">
      <UniqueIdentifier>{d777acad-0c43-4ba1-8fff-c29910f030d9}</UniqueIdentifier>
    </Filter>
    <Filter Include="class\background">
      <UniqueIdentifier>{3f9e8677-67bb-4728-8606-1802afdc2746}</UniqueIdentifier>
    </Filter>
  </ItemGroup>
  <ItemGroup>
    <ClCompile Include="main.cpp">
      <Filter>소스 파일</Filter>
    </ClCompile>
    <ClCompile Include="gameNode.cpp">
      <Filter>2DFrameWork\gameNode</Filter>
    </ClCompile>
    <ClCompile Include="KeyManager.cpp">
      <Filter>2DFrameWork\Manager</Filter>
    </ClCompile>
    <ClCompile Include="mainGame.cpp">
      <Filter>mainGame</Filter>
    </ClCompile>
    <ClCompile Include="backBuffer.cpp">
      <Filter>2DFrameWork\buffer</Filter>
    </ClCompile>
    <ClCompile Include="utill.cpp">
      <Filter>2DFrameWork\utill</Filter>
    </ClCompile>
    <ClCompile Include="Image.cpp">
      <Filter>2DFrameWork\Image</Filter>
    </ClCompile>
    <ClCompile Include="ImageManager.cpp">
      <Filter>2DFrameWork\Manager</Filter>
    </ClCompile>
    <ClCompile Include="Camera.cpp">
      <Filter>2DFrameWork\camera</Filter>
    </ClCompile>
    <ClCompile Include="mob.cpp">
      <Filter>class\mob</Filter>
    </ClCompile>
    <ClCompile Include="block.cpp">
      <Filter>class\block</Filter>
    </ClCompile>
    <ClCompile Include="background.cpp">
      <Filter>class\background</Filter>
    </ClCompile>
    <ClCompile Include="player.cpp">
      <Filter>class\player</Filter>
    </ClCompile>
  </ItemGroup>
  <ItemGroup>
    <ClInclude Include="randomFunction.h">
      <Filter>헤더 파일</Filter>
    </ClInclude>
    <ClInclude Include="Game.h">
      <Filter>헤더 파일</Filter>
    </ClInclude>
    <ClInclude Include="commonMacroFunction.h">
      <Filter>헤더 파일</Filter>
    </ClInclude>
    <ClInclude Include="gameNode.h">
      <Filter>2DFrameWork\gameNode</Filter>
    </ClInclude>
    <ClInclude Include="KeyManager.h">
      <Filter>2DFrameWork\Manager</Filter>
    </ClInclude>
    <ClInclude Include="mainGame.h">
      <Filter>mainGame</Filter>
    </ClInclude>
    <ClInclude Include="backBuffer.h">
      <Filter>2DFrameWork\buffer</Filter>
    </ClInclude>
    <ClInclude Include="singletonBase.h">
      <Filter>2DFrameWork\singletonBase</Filter>
    </ClInclude>
    <ClInclude Include="utill.h">
      <Filter>2DFrameWork\utill</Filter>
    </ClInclude>
    <ClInclude Include="Image.h">
      <Filter>2DFrameWork\Image</Filter>
    </ClInclude>
    <ClInclude Include="ImageManager.h">
      <Filter>2DFrameWork\Manager</Filter>
    </ClInclude>
    <ClInclude Include="Camera.h">
      <Filter>2DFrameWork\camera</Filter>
    </ClInclude>
    <ClInclude Include="mob.h">
      <Filter>class\mob</Filter>
    </ClInclude>
    <ClInclude Include="block.h">
      <Filter>class\block</Filter>
    </ClInclude>
    <ClInclude Include="background.h">
      <Filter>class\background</Filter>
    </ClInclude>
    <ClInclude Include="player.h">
      <Filter>class\player</Filter>
    </ClInclude>
  </ItemGroup>
</Project>